// !$*UTF8*$!
{
	archiveVersion = 1;
	classes = {
	};
	objectVersion = 46;
	objects = {

/* Begin PBXBuildFile section */
		3DED1E541A4C428900ABE56D /* main.m in Sources */ = {isa = PBXBuildFile; fileRef = 3DED1E531A4C428900ABE56D /* main.m */; };
		3DED1E571A4C428900ABE56D /* AppDelegate.m in Sources */ = {isa = PBXBuildFile; fileRef = 3DED1E561A4C428900ABE56D /* AppDelegate.m */; };
		3DED1E5A1A4C428900ABE56D /* ViewController.m in Sources */ = {isa = PBXBuildFile; fileRef = 3DED1E591A4C428900ABE56D /* ViewController.m */; };
		3DED1E5D1A4C428900ABE56D /* Main.storyboard in Resources */ = {isa = PBXBuildFile; fileRef = 3DED1E5B1A4C428900ABE56D /* Main.storyboard */; };
		3DED1E5F1A4C428900ABE56D /* Images.xcassets in Resources */ = {isa = PBXBuildFile; fileRef = 3DED1E5E1A4C428900ABE56D /* Images.xcassets */; };
		3DED1E621A4C428900ABE56D /* LaunchScreen.xib in Resources */ = {isa = PBXBuildFile; fileRef = 3DED1E601A4C428900ABE56D /* LaunchScreen.xib */; };
		3DED1E6E1A4C428900ABE56D /* carAppTests.m in Sources */ = {isa = PBXBuildFile; fileRef = 3DED1E6D1A4C428900ABE56D /* carAppTests.m */; };
/* End PBXBuildFile section */

/* Begin PBXContainerItemProxy section */
		3DED1E681A4C428900ABE56D /* PBXContainerItemProxy */ = {
			isa = PBXContainerItemProxy;
			containerPortal = 3DED1E461A4C428900ABE56D /* Project object */;
			proxyType = 1;
			remoteGlobalIDString = 3DED1E4D1A4C428900ABE56D;
			remoteInfo = carApp;
		};
/* End PBXContainerItemProxy section */

/* Begin PBXFileReference section */
		3DED1E4E1A4C428900ABE56D /* carApp.app */ = {isa = PBXFileReference; explicitFileType = wrapper.application; includeInIndex = 0; path = carApp.app; sourceTree = BUILT_PRODUCTS_DIR; };
		3DED1E521A4C428900ABE56D /* Info.plist */ = {isa = PBXFileReference; lastKnownFileType = text.plist.xml; path = Info.plist; sourceTree = "<group>"; };
		3DED1E531A4C428900ABE56D /* main.m */ = {isa = PBXFileReference; lastKnownFileType = sourcecode.c.objc; path = main.m; sourceTree = "<group>"; };
		3DED1E551A4C428900ABE56D /* AppDelegate.h */ = {isa = PBXFileReference; lastKnownFileType = sourcecode.c.h; path = AppDelegate.h; sourceTree = "<group>"; };
		3DED1E561A4C428900ABE56D /* AppDelegate.m */ = {isa = PBXFileReference; lastKnownFileType = sourcecode.c.objc; path = AppDelegate.m; sourceTree = "<group>"; };
		3DED1E581A4C428900ABE56D /* ViewController.h */ = {isa = PBXFileReference; lastKnownFileType = sourcecode.c.h; path = ViewController.h; sourceTree = "<group>"; };
		3DED1E591A4C428900ABE56D /* ViewController.m */ = {isa = PBXFileReference; lastKnownFileType = sourcecode.c.objc; path = ViewController.m; sourceTree = "<group>"; };
		3DED1E5C1A4C428900ABE56D /* Base */ = {isa = PBXFileReference; lastKnownFileType = file.storyboard; name = Base; path = Base.lproj/Main.storyboard; sourceTree = "<group>"; };
		3DED1E5E1A4C428900ABE56D /* Images.xcassets */ = {isa = PBXFileReference; lastKnownFileType = folder.assetcatalog; path = Images.xcassets; sourceTree = "<group>"; };
		3DED1E611A4C428900ABE56D /* Base */ = {isa = PBXFileReference; lastKnownFileType = file.xib; name = Base; path = Base.lproj/LaunchScreen.xib; sourceTree = "<group>"; };
		3DED1E671A4C428900ABE56D /* carAppTests.xctest */ = {isa = PBXFileReference; explicitFileType = wrapper.cfbundle; includeInIndex = 0; path = carAppTests.xctest; sourceTree = BUILT_PRODUCTS_DIR; };
		3DED1E6C1A4C428900ABE56D /* Info.plist */ = {isa = PBXFileReference; lastKnownFileType = text.plist.xml; path = Info.plist; sourceTree = "<group>"; };
		3DED1E6D1A4C428900ABE56D /* carAppTests.m */ = {isa = PBXFileReference; lastKnownFileType = sourcecode.c.objc; path = carAppTests.m; sourceTree = "<group>"; };
/* End PBXFileReference section */

/* Begin PBXFrameworksBuildPhase section */
		3DED1E4B1A4C428900ABE56D /* Frameworks */ = {
			isa = PBXFrameworksBuildPhase;
			buildActionMask = 2147483647;
			files = (
			);
			runOnlyForDeploymentPostprocessing = 0;
		};
		3DED1E641A4C428900ABE56D /* Frameworks */ = {
			isa = PBXFrameworksBuildPhase;
			buildActionMask = 2147483647;
			files = (
			);
			runOnlyForDeploymentPostprocessing = 0;
		};
/* End PBXFrameworksBuildPhase section */

/* Begin PBXGroup section */
		3DED1E451A4C428900ABE56D = {
			isa = PBXGroup;
			children = (
				3DED1E501A4C428900ABE56D /* carApp */,
				3DED1E6A1A4C428900ABE56D /* carAppTests */,
				3DED1E4F1A4C428900ABE56D /* Products */,
			);
			sourceTree = "<group>";
		};
		3DED1E4F1A4C428900ABE56D /* Products */ = {
			isa = PBXGroup;
			children = (
				3DED1E4E1A4C428900ABE56D /* carApp.app */,
				3DED1E671A4C428900ABE56D /* carAppTests.xctest */,
			);
			name = Products;
			sourceTree = "<group>";
		};
		3DED1E501A4C428900ABE56D /* carApp */ = {
			isa = PBXGroup;
			children = (
				3DED1E551A4C428900ABE56D /* AppDelegate.h */,
				3DED1E561A4C428900ABE56D /* AppDelegate.m */,
				3DED1E581A4C428900ABE56D /* ViewController.h */,
				3DED1E591A4C428900ABE56D /* ViewController.m */,
				3DED1E5B1A4C428900ABE56D /* Main.storyboard */,
				3DED1E5E1A4C428900ABE56D /* Images.xcassets */,
				3DED1E601A4C428900ABE56D /* LaunchScreen.xib */,
				3DED1E511A4C428900ABE56D /* Supporting Files */,
			);
			path = carApp;
			sourceTree = "<group>";
		};
		3DED1E511A4C428900ABE56D /* Supporting Files */ = {
			isa = PBXGroup;
			children = (
				3DED1E521A4C428900ABE56D /* Info.plist */,
				3DED1E531A4C428900ABE56D /* main.m */,
			);
			name = "Supporting Files";
			sourceTree = "<group>";
		};
		3DED1E6A1A4C428900ABE56D /* carAppTests */ = {
			isa = PBXGroup;
			children = (
				3DED1E6D1A4C428900ABE56D /* carAppTests.m */,
				3DED1E6B1A4C428900ABE56D /* Supporting Files */,
			);
			path = carAppTests;
			sourceTree = "<group>";
		};
		3DED1E6B1A4C428900ABE56D /* Supporting Files */ = {
			isa = PBXGroup;
			children = (
				3DED1E6C1A4C428900ABE56D /* Info.plist */,
			);
			name = "Supporting Files";
			sourceTree = "<group>";
		};
/* End PBXGroup section */

/* Begin PBXNativeTarget section */
		3DED1E4D1A4C428900ABE56D /* carApp */ = {
			isa = PBXNativeTarget;
			buildConfigurationList = 3DED1E711A4C428900ABE56D /* Build configuration list for PBXNativeTarget "carApp" */;
			buildPhases = (
				3DED1E4A1A4C428900ABE56D /* Sources */,
				3DED1E4B1A4C428900ABE56D /* Frameworks */,
				3DED1E4C1A4C428900ABE56D /* Resources */,
			);
			buildRules = (
			);
			dependencies = (
			);
			name = carApp;
			productName = carApp;
			productReference = 3DED1E4E1A4C428900ABE56D /* carApp.app */;
			productType = "com.apple.product-type.application";
		};
		3DED1E661A4C428900ABE56D /* carAppTests */ = {
			isa = PBXNativeTarget;
			buildConfigurationList = 3DED1E741A4C428900ABE56D /* Build configuration list for PBXNativeTarget "carAppTests" */;
			buildPhases = (
				3DED1E631A4C428900ABE56D /* Sources */,
				3DED1E641A4C428900ABE56D /* Frameworks */,
				3DED1E651A4C428900ABE56D /* Resources */,
			);
			buildRules = (
			);
			dependencies = (
				3DED1E691A4C428900ABE56D /* PBXTargetDependency */,
			);
			name = carAppTests;
			productName = carAppTests;
			productReference = 3DED1E671A4C428900ABE56D /* carAppTests.xctest */;
			productType = "com.apple.product-type.bundle.unit-test";
		};
/* End PBXNativeTarget section */

/* Begin PBXProject section */
		3DED1E461A4C428900ABE56D /* Project object */ = {
			isa = PBXProject;
			attributes = {
				LastUpgradeCheck = 0600;
				ORGANIZATIONNAME = ling;
				TargetAttributes = {
					3DED1E4D1A4C428900ABE56D = {
						CreatedOnToolsVersion = 6.0.1;
					};
					3DED1E661A4C428900ABE56D = {
						CreatedOnToolsVersion = 6.0.1;
						TestTargetID = 3DED1E4D1A4C428900ABE56D;
					};
				};
			};
			buildConfigurationList = 3DED1E491A4C428900ABE56D /* Build configuration list for PBXProject "carApp" */;
			compatibilityVersion = "Xcode 3.2";
			developmentRegion = English;
			hasScannedForEncodings = 0;
			knownRegions = (
				en,
				Base,
			);
			mainGroup = 3DED1E451A4C428900ABE56D;
			productRefGroup = 3DED1E4F1A4C428900ABE56D /* Products */;
			projectDirPath = "";
			projectRoot = "";
			targets = (
				3DED1E4D1A4C428900ABE56D /* carApp */,
				3DED1E661A4C428900ABE56D /* carAppTests */,
			);
		};
/* End PBXProject section */

/* Begin PBXResourcesBuildPhase section */
		3DED1E4C1A4C428900ABE56D /* Resources */ = {
			isa = PBXResourcesBuildPhase;
			buildActionMask = 2147483647;
			files = (
				3DED1E5D1A4C428900ABE56D /* Main.storyboard in Resources */,
				3DED1E621A4C428900ABE56D /* LaunchScreen.xib in Resources */,
				3DED1E5F1A4C428900ABE56D /* Images.xcassets in Resources */,
			);
			runOnlyForDeploymentPostprocessing = 0;
		};
		3DED1E651A4C428900ABE56D /* Resources */ = {
			isa = PBXResourcesBuildPhase;
			buildActionMask = 2147483647;
			files = (
			);
			runOnlyForDeploymentPostprocessing = 0;
		};
/* End PBXResourcesBuildPhase section */

/* Begin PBXSourcesBuildPhase section */
		3DED1E4A1A4C428900ABE56D /* Sources */ = {
			isa = PBXSourcesBuildPhase;
			buildActionMask = 2147483647;
			files = (
				3DED1E5A1A4C428900ABE56D /* ViewController.m in Sources */,
				3DED1E571A4C428900ABE56D /* AppDelegate.m in Sources */,
				3DED1E541A4C428900ABE56D /* main.m in Sources */,
			);
			runOnlyForDeploymentPostprocessing = 0;
		};
		3DED1E631A4C428900ABE56D /* Sources */ = {
			isa = PBXSourcesBuildPhase;
			buildActionMask = 2147483647;
			files = (
				3DED1E6E1A4C428900ABE56D /* carAppTests.m in Sources */,
			);
			runOnlyForDeploymentPostprocessing = 0;
		};
/* End PBXSourcesBuildPhase section */

/* Begin PBXTargetDependency section */
		3DED1E691A4C428900ABE56D /* PBXTargetDependency */ = {
			isa = PBXTargetDependency;
			target = 3DED1E4D1A4C428900ABE56D /* carApp */;
			targetProxy = 3DED1E681A4C428900ABE56D /* PBXContainerItemProxy */;
		};
/* End PBXTargetDependency section */

/* Begin PBXVariantGroup section */
		3DED1E5B1A4C428900ABE56D /* Main.storyboard */ = {
			isa = PBXVariantGroup;
			children = (
				3DED1E5C1A4C428900ABE56D /* Base */,
			);
			name = Main.storyboard;
			sourceTree = "<group>";
		};
		3DED1E601A4C428900ABE56D /* LaunchScreen.xib */ = {
			isa = PBXVariantGroup;
			children = (
				3DED1E611A4C428900ABE56D /* Base */,
			);
			name = LaunchScreen.xib;
			sourceTree = "<group>";
		};
/* End PBXVariantGroup section */

/* Begin XCBuildConfiguration section */
		3DED1E6F1A4C428900ABE56D /* Debug */ = {
			isa = XCBuildConfiguration;
			buildSettings = {
				ALWAYS_SEARCH_USER_PATHS = NO;
				CLANG_CXX_LANGUAGE_STANDARD = "gnu++0x";
				CLANG_CXX_LIBRARY = "libc++";
				CLANG_ENABLE_MODULES = YES;
				CLANG_ENABLE_OBJC_ARC = YES;
				CLANG_WARN_BOOL_CONVERSION = YES;
				CLANG_WARN_CONSTANT_CONVERSION = YES;
				CLANG_WARN_DIRECT_OBJC_ISA_USAGE = YES_ERROR;
				CLANG_WARN_EMPTY_BODY = YES;
				CLANG_WARN_ENUM_CONVERSION = YES;
				CLANG_WARN_INT_CONVERSION = YES;
				CLANG_WARN_OBJC_ROOT_CLASS = YES_ERROR;
				CLANG_WARN_UNREACHABLE_CODE = YES;
				CLANG_WARN__DUPLICATE_METHOD_MATCH = YES;
				"CODE_SIGN_IDENTITY[sdk=iphoneos*]" = "iPhone Developer";
				COPY_PHASE_STRIP = NO;
				ENABLE_STRICT_OBJC_MSGSEND = YES;
				GCC_C_LANGUAGE_STANDARD = gnu99;
				GCC_DYNAMIC_NO_PIC = NO;
				GCC_OPTIMIZATION_LEVEL = 0;
				GCC_PREPROCESSOR_DEFINITIONS = (
					"DEBUG=1",
					"$(inherited)",
				);
				GCC_SYMBOLS_PRIVATE_EXTERN = NO;
				GCC_WARN_64_TO_32_BIT_CONVERSION = YES;
				GCC_WARN_ABOUT_RETURN_TYPE = YES_ERROR;
				GCC_WARN_UNDECLARED_SELECTOR = YES;
				GCC_WARN_UNINITIALIZED_AUTOS = YES_AGGRESSIVE;
				GCC_WARN_UNUSED_FUNCTION = YES;
				GCC_WARN_UNUSED_VARIABLE = YES;
				IPHONEOS_DEPLOYMENT_TARGET = 8.0;
				MTL_ENABLE_DEBUG_INFO = YES;
				ONLY_ACTIVE_ARCH = YES;
				SDKROOT = iphoneos;
			};
			name = Debug;
		};
		3DED1E701A4C428900ABE56D /* Release */ = {
			isa = XCBuildConfiguration;
			buildSettings = {
				ALWAYS_SEARCH_USER_PATHS = NO;
				CLANG_CXX_LANGUAGE_STANDARD = "gnu++0x";
				CLANG_CXX_LIBRARY = "libc++";
				CLANG_ENABLE_MODULES = YES;
				CLANG_ENABLE_OBJC_ARC = YES;
				CLANG_WARN_BOOL_CONVERSION = YES;
				CLANG_WARN_CONSTANT_CONVERSION = YES;
				CLANG_WARN_DIRECT_OBJC_ISA_USAGE = YES_ERROR;
				CLANG_WARN_EMPTY_BODY = YES;
				CLANG_WARN_ENUM_CONVERSION = YES;
				CLANG_WARN_INT_CONVERSION = YES;
				CLANG_WARN_OBJC_ROOT_CLASS = YES_ERROR;
				CLANG_WARN_UNREACHABLE_CODE = YES;
				CLANG_WARN__DUPLICATE_METHOD_MATCH = YES;
				"CODE_SIGN_IDENTITY[sdk=iphoneos*]" = "iPhone Developer";
				COPY_PHASE_STRIP = YES;
				ENABLE_NS_ASSERTIONS = NO;
				ENABLE_STRICT_OBJC_MSGSEND = YES;
				GCC_C_LANGUAGE_STANDARD = gnu99;
				GCC_WARN_64_TO_32_BIT_CONVERSION = YES;
				GCC_WARN_ABOUT_RETURN_TYPE = YES_ERROR;
				GCC_WARN_UNDECLARED_SELECTOR = YES;
				GCC_WARN_UNINITIALIZED_AUTOS = YES_AGGRESSIVE;
				GCC_WARN_UNUSED_FUNCTION = YES;
				GCC_WARN_UNUSED_VARIABLE = YES;
				IPHONEOS_DEPLOYMENT_TARGET = 8.0;
				MTL_ENABLE_DEBUG_INFO = NO;
				SDKROOT = iphoneos;
				VALIDATE_PRODUCT = YES;
			};
			name = Release;
		};
		3DED1E721A4C428900ABE56D /* Debug */ = {
			isa = XCBuildConfiguration;
			buildSettings = {
				ASSETCATALOG_COMPILER_APPICON_NAME = AppIcon;
				INFOPLIST_FILE = carApp/Info.plist;
				LD_RUNPATH_SEARCH_PATHS = "$(inherited) @executable_path/Frameworks";
				PRODUCT_NAME = "$(TARGET_NAME)";
			};
			name = Debug;
		};
		3DED1E731A4C428900ABE56D /* Release */ = {
			isa = XCBuildConfiguration;
			buildSettings = {
				ASSETCATALOG_COMPILER_APPICON_NAME = AppIcon;
				INFOPLIST_FILE = carApp/Info.plist;
				LD_RUNPATH_SEARCH_PATHS = "$(inherited) @executable_path/Frameworks";
				PRODUCT_NAME = "$(TARGET_NAME)";
			};
			name = Release;
		};
		3DED1E751A4C428900ABE56D /* Debug */ = {
			isa = XCBuildConfiguration;
			buildSettings = {
				BUNDLE_LOADER = "$(TEST_HOST)";
				FRAMEWORK_SEARCH_PATHS = (
					"$(SDKROOT)/Developer/Library/Frameworks",
					"$(inherited)",
				);
				GCC_PREPROCESSOR_DEFINITIONS = (
					"DEBUG=1",
					"$(inherited)",
				);
				INFOPLIST_FILE = carAppTests/Info.plist;
				LD_RUNPATH_SEARCH_PATHS = "$(inherited) @executable_path/Frameworks @loader_path/Frameworks";
				PRODUCT_NAME = "$(TARGET_NAME)";
				TEST_HOST = "$(BUILT_PRODUCTS_DIR)/carApp.app/carApp";
			};
			name = Debug;
		};
		3DED1E761A4C428900ABE56D /* Release */ = {
			isa = XCBuildConfiguration;
			buildSettings = {
				BUNDLE_LOADER = "$(TEST_HOST)";
				FRAMEWORK_SEARCH_PATHS = (
					"$(SDKROOT)/Developer/Library/Frameworks",
					"$(inherited)",
				);
				INFOPLIST_FILE = carAppTests/Info.plist;
				LD_RUNPATH_SEARCH_PATHS = "$(inherited) @executable_path/Frameworks @loader_path/Frameworks";
				PRODUCT_NAME = "$(TARGET_NAME)";
				TEST_HOST = "$(BUILT_PRODUCTS_DIR)/carApp.app/carApp";
			};
			name = Release;
		};
/* End XCBuildConfiguration section */

/* Begin XCConfigurationList section */
		3DED1E491A4C428900ABE56D /* Build configuration list for PBXProject "carApp" */ = {
			isa = XCConfigurationList;
			buildConfigurations = (
				3DED1E6F1A4C428900ABE56D /* Debug */,
				3DED1E701A4C428900ABE56D /* Release */,
			);
			defaultConfigurationIsVisible = 0;
			defaultConfigurationName = Release;
		};
		3DED1E711A4C428900ABE56D /* Build configuration list for PBXNativeTarget "carApp" */ = {
			isa = XCConfigurationList;
			buildConfigurations = (
				3DED1E721A4C428900ABE56D /* Debug */,
				3DED1E731A4C428900ABE56D /* Release */,
			);
			defaultConfigurationIsVisible = 0;
		};
		3DED1E741A4C428900ABE56D /* Build configuration list for PBXNativeTarget "carAppTests" */ = {
			isa = XCConfigurationList;
			buildConfigurations = (
				3DED1E751A4C428900ABE56D /* Debug */,
				3DED1E761A4C428900ABE56D /* Release */,
			);
			defaultConfigurationIsVisible = 0;
		};
/* End XCConfigurationList section */
	};
	rootObject = 3DED1E461A4C428900ABE56D /* Project object */;
}
